
Microsoft Visual Studio Solution File, Format Version 12.00
# Visual Studio Version 16
VisualStudioVersion = 16.0.32106.194
MinimumVisualStudioVersion = 10.0.40219.1
Project("{FAE04EC0-301F-11D3-BF4B-00C04F79EFBC}") = "eugeneCollections", "eugeneCollections\eugeneCollections.csproj", "{B8622643-FCCD-4228-B2F7-69D9EC1CBD2F}"
EndProject
Global
	GlobalSection(SolutionConfigurationPlatforms) = preSolution
		Debug|Any CPU = Debug|Any CPU
		Release|Any CPU = Release|Any CPU
	EndGlobalSection
	GlobalSection(ProjectConfigurationPlatforms) = postSolution
		{B8622643-FCCD-4228-B2F7-69D9EC1CBD2F}.Debug|Any CPU.ActiveCfg = Debug|Any CPU
		{B8622643-FCCD-4228-B2F7-69D9EC1CBD2F}.Debug|Any CPU.Build.0 = Debug|Any CPU
		{B8622643-FCCD-4228-B2F7-69D9EC1CBD2F}.Release|Any CPU.ActiveCfg = Release|Any CPU
		{B8622643-FCCD-4228-B2F7-69D9EC1CBD2F}.Release|Any CPU.Build.0 = Release|Any CPU
	EndGlobalSection
	GlobalSection(SolutionProperties) = preSolution
		HideSolutionNode = FALSE
	EndGlobalSection
	GlobalSection(ExtensibilityGlobals) = postSolution
		SolutionGuid = {F2F70698-096A-48F7-A64F-7E17631D739F}
	EndGlobalSection
EndGlobal
